
Microsoft Visual Studio Solution File, Format Version 12.00
# Visual Studio Version 17
VisualStudioVersion = 17.11.35312.102
MinimumVisualStudioVersion = 10.0.40219.1
Project("{8BC9CEB8-8B4A-11D0-8D11-00A0C91BC942}") = "test_demo", "test_demo.vcxproj", "{BFC08724-9F58-4B4A-9F97-FB7CA4ED5124}"
EndProject
Global
	GlobalSection(SolutionConfigurationPlatforms) = preSolution
		Debug|x64 = Debug|x64
		Debug|x86 = Debug|x86
		Release|x64 = Release|x64
		Release|x86 = Release|x86
	EndGlobalSection
	GlobalSection(ProjectConfigurationPlatforms) = postSolution
		{BFC08724-9F58-4B4A-9F97-FB7CA4ED5124}.Debug|x64.ActiveCfg = Debug|x64
		{BFC08724-9F58-4B4A-9F97-FB7CA4ED5124}.Debug|x64.Build.0 = Debug|x64
		{BFC08724-9F58-4B4A-9F97-FB7CA4ED5124}.Debug|x86.ActiveCfg = Debug|Win32
		{BFC08724-9F58-4B4A-9F97-FB7CA4ED5124}.Debug|x86.Build.0 = Debug|Win32
		{BFC08724-9F58-4B4A-9F97-FB7CA4ED5124}.Release|x64.ActiveCfg = Release|x64
		{BFC08724-9F58-4B4A-9F97-FB7CA4ED5124}.Release|x64.Build.0 = Release|x64
		{BFC08724-9F58-4B4A-9F97-FB7CA4ED5124}.Release|x86.ActiveCfg = Release|Win32
		{BFC08724-9F58-4B4A-9F97-FB7CA4ED5124}.Release|x86.Build.0 = Release|Win32
	EndGlobalSection
	GlobalSection(SolutionProperties) = preSolution
		HideSolutionNode = FALSE
	EndGlobalSection
	GlobalSection(ExtensibilityGlobals) = postSolution
		SolutionGuid = {FBDED83B-BA29-424E-815E-5B642D220588}
	EndGlobalSection
EndGlobal
